
Microsoft Visual Studio Solution File, Format Version 12.00
# Visual Studio Version 17
VisualStudioVersion = 17.9.34622.214
MinimumVisualStudioVersion = 10.0.40219.1
Project("{FAE04EC0-301F-11D3-BF4B-00C04F79EFBC}") = "HelloWorld", "HelloWorld\HelloWorld.csproj", "{9D8ACBB5-59CB-4DFC-8568-DCCDF72884C6}"
EndProject
Global
	GlobalSection(SolutionConfigurationPlatforms) = preSolution
		Debug|Any CPU = Debug|Any CPU
		Release|Any CPU = Release|Any CPU
	EndGlobalSection
	GlobalSection(ProjectConfigurationPlatforms) = postSolution
		{9D8ACBB5-59CB-4DFC-8568-DCCDF72884C6}.Debug|Any CPU.ActiveCfg = Debug|Any CPU
		{9D8ACBB5-59CB-4DFC-8568-DCCDF72884C6}.Debug|Any CPU.Build.0 = Debug|Any CPU
		{9D8ACBB5-59CB-4DFC-8568-DCCDF72884C6}.Release|Any CPU.ActiveCfg = Release|Any CPU
		{9D8ACBB5-59CB-4DFC-8568-DCCDF72884C6}.Release|Any CPU.Build.0 = Release|Any CPU
	EndGlobalSection
	GlobalSection(SolutionProperties) = preSolution
		HideSolutionNode = FALSE
	EndGlobalSection
	GlobalSection(ExtensibilityGlobals) = postSolution
		SolutionGuid = {C029FDEB-E995-4AA4-ABF3-03C03196BD1F}
	EndGlobalSection
EndGlobal
